
Microsoft Visual Studio Solution File, Format Version 12.00
# Visual Studio Version 17
VisualStudioVersion = 17.4.33213.308
MinimumVisualStudioVersion = 10.0.40219.1
Project("{9A19103F-16F7-4668-BE54-9A1E7A4F7556}") = "Mediapipe.Net.Framework.Protobuf", "Mediapipe.Net.Framework.Protobuf\Mediapipe.Net.Framework.Protobuf.csproj", "{65DCAF1A-62F7-4230-89B6-FC8E35D9AE24}"
EndProject
Project("{2150E333-8FDC-42A3-9474-1A3956D46DE8}") = "Solution Items", "Solution Items", "{BB426371-FEFE-4260-8162-DC594EC9A612}"
	ProjectSection(SolutionItems) = preProject
		Mediapipe.Net.Runtime.CPU\Mediapipe.Net.Runtime.CPU.csproj = Mediapipe.Net.Runtime.CPU\Mediapipe.Net.Runtime.CPU.csproj
		Mediapipe.Net.Runtime.GPU\Mediapipe.Net.Runtime.GPU.csproj = Mediapipe.Net.Runtime.GPU\Mediapipe.Net.Runtime.GPU.csproj
	EndProjectSection
EndProject
Global
	GlobalSection(SolutionConfigurationPlatforms) = preSolution
		Debug|Any CPU = Debug|Any CPU
		Release|Any CPU = Release|Any CPU
	EndGlobalSection
	GlobalSection(ProjectConfigurationPlatforms) = postSolution
		{65DCAF1A-62F7-4230-89B6-FC8E35D9AE24}.Debug|Any CPU.ActiveCfg = Debug|Any CPU
		{65DCAF1A-62F7-4230-89B6-FC8E35D9AE24}.Debug|Any CPU.Build.0 = Debug|Any CPU
		{65DCAF1A-62F7-4230-89B6-FC8E35D9AE24}.Release|Any CPU.ActiveCfg = Release|Any CPU
		{65DCAF1A-62F7-4230-89B6-FC8E35D9AE24}.Release|Any CPU.Build.0 = Release|Any CPU
	EndGlobalSection
	GlobalSection(SolutionProperties) = preSolution
		HideSolutionNode = FALSE
	EndGlobalSection
	GlobalSection(NestedProjects) = preSolution
		{65DCAF1A-62F7-4230-89B6-FC8E35D9AE24} = {BB426371-FEFE-4260-8162-DC594EC9A612}
	EndGlobalSection
	GlobalSection(ExtensibilityGlobals) = postSolution
		SolutionGuid = {AE021919-43F5-46E0-B041-0B4D56A52BCA}
	EndGlobalSection
EndGlobal
